
Microsoft Visual Studio Solution File, Format Version 10.00
# Visual Studio 2008
Project("{FAE04EC0-301F-11D3-BF4B-00C04F79EFBC}") = "AppBus", "AppBus\AppBus.csproj", "{E85488DA-D7AC-4C1C-B0E3-AF3E7A08A918}"
EndProject
Global
	GlobalSection(SolutionConfigurationPlatforms) = preSolution
		Debug|Any CPU = Debug|Any CPU
		Release|Any CPU = Release|Any CPU
	EndGlobalSection
	GlobalSection(ProjectConfigurationPlatforms) = postSolution
		{E85488DA-D7AC-4C1C-B0E3-AF3E7A08A918}.Debug|Any CPU.ActiveCfg = Debug|Any CPU
		{E85488DA-D7AC-4C1C-B0E3-AF3E7A08A918}.Debug|Any CPU.Build.0 = Debug|Any CPU
		{E85488DA-D7AC-4C1C-B0E3-AF3E7A08A918}.Release|Any CPU.ActiveCfg = Release|Any CPU
		{E85488DA-D7AC-4C1C-B0E3-AF3E7A08A918}.Release|Any CPU.Build.0 = Release|Any CPU
	EndGlobalSection
	GlobalSection(SolutionProperties) = preSolution
		HideSolutionNode = FALSE
	EndGlobalSection
EndGlobal
